
Microsoft Visual Studio Solution File, Format Version 12.00
# Visual Studio Version 16
VisualStudioVersion = 16.0.29306.81
MinimumVisualStudioVersion = 10.0.40219.1
Project("{9A19103F-16F7-4668-BE54-9A1E7A4F7556}") = "HospitalMMS", "HospitalMMS\HospitalMMS.csproj", "{CE45E266-B149-4547-BB51-408D24219F63}"
EndProject
Global
	GlobalSection(SolutionConfigurationPlatforms) = preSolution
		Debug|Any CPU = Debug|Any CPU
		Release|Any CPU = Release|Any CPU
	EndGlobalSection
	GlobalSection(ProjectConfigurationPlatforms) = postSolution
		{CE45E266-B149-4547-BB51-408D24219F63}.Debug|Any CPU.ActiveCfg = Debug|Any CPU
		{CE45E266-B149-4547-BB51-408D24219F63}.Debug|Any CPU.Build.0 = Debug|Any CPU
		{CE45E266-B149-4547-BB51-408D24219F63}.Release|Any CPU.ActiveCfg = Release|Any CPU
		{CE45E266-B149-4547-BB51-408D24219F63}.Release|Any CPU.Build.0 = Release|Any CPU
	EndGlobalSection
	GlobalSection(SolutionProperties) = preSolution
		HideSolutionNode = FALSE
	EndGlobalSection
	GlobalSection(ExtensibilityGlobals) = postSolution
		SolutionGuid = {1A1DBD94-60AB-4B55-8758-241FBEE85764}
	EndGlobalSection
EndGlobal
